
Microsoft Visual Studio Solution File, Format Version 12.00
# Visual Studio Version 16
VisualStudioVersion = 16.0.33920.266
MinimumVisualStudioVersion = 10.0.40219.1
Project("{FAE04EC0-301F-11D3-BF4B-00C04F79EFBC}") = "eTicket", "eTicket\eTicket.csproj", "{71A8A629-5060-4CA7-8CC1-982C8BC188DE}"
EndProject
Global
	GlobalSection(SolutionConfigurationPlatforms) = preSolution
		Debug|Any CPU = Debug|Any CPU
		Release|Any CPU = Release|Any CPU
	EndGlobalSection
	GlobalSection(ProjectConfigurationPlatforms) = postSolution
		{71A8A629-5060-4CA7-8CC1-982C8BC188DE}.Debug|Any CPU.ActiveCfg = Debug|Any CPU
		{71A8A629-5060-4CA7-8CC1-982C8BC188DE}.Debug|Any CPU.Build.0 = Debug|Any CPU
		{71A8A629-5060-4CA7-8CC1-982C8BC188DE}.Release|Any CPU.ActiveCfg = Release|Any CPU
		{71A8A629-5060-4CA7-8CC1-982C8BC188DE}.Release|Any CPU.Build.0 = Release|Any CPU
	EndGlobalSection
	GlobalSection(SolutionProperties) = preSolution
		HideSolutionNode = FALSE
	EndGlobalSection
	GlobalSection(ExtensibilityGlobals) = postSolution
		SolutionGuid = {1D7E197A-7E8E-4645-A2DB-55D0B796383F}
	EndGlobalSection
EndGlobal
